
Microsoft Visual Studio Solution File, Format Version 12.00
# Visual Studio Version 16
VisualStudioVersion = 16.0.31424.327
MinimumVisualStudioVersion = 10.0.40219.1
Project("{9A19103F-16F7-4668-BE54-9A1E7A4F7556}") = "MultipartUploadTestTools.Portal", "src\MultipartUploadTestTools.Portal\MultipartUploadTestTools.Portal.csproj", "{0DCA4897-591B-4E95-9823-897294713E88}"
EndProject
Project("{2150E333-8FDC-42A3-9474-1A3956D46DE8}") = "src", "src", "{1819A58B-5B9E-4EF7-98AD-F215040D3969}"
EndProject
Project("{FAE04EC0-301F-11D3-BF4B-00C04F79EFBC}") = "MultipartUploadTestTools-Core", "src\MultipartUploadTestTools-Core\MultipartUploadTestTools-Core.csproj", "{9EA0ECF8-3D1E-45DD-BCF7-23772C96544D}"
EndProject
Global
	GlobalSection(SolutionConfigurationPlatforms) = preSolution
		Debug|Any CPU = Debug|Any CPU
		Release|Any CPU = Release|Any CPU
	EndGlobalSection
	GlobalSection(ProjectConfigurationPlatforms) = postSolution
		{0DCA4897-591B-4E95-9823-897294713E88}.Debug|Any CPU.ActiveCfg = Debug|Any CPU
		{0DCA4897-591B-4E95-9823-897294713E88}.Debug|Any CPU.Build.0 = Debug|Any CPU
		{0DCA4897-591B-4E95-9823-897294713E88}.Release|Any CPU.ActiveCfg = Release|Any CPU
		{0DCA4897-591B-4E95-9823-897294713E88}.Release|Any CPU.Build.0 = Release|Any CPU
		{9EA0ECF8-3D1E-45DD-BCF7-23772C96544D}.Debug|Any CPU.ActiveCfg = Debug|Any CPU
		{9EA0ECF8-3D1E-45DD-BCF7-23772C96544D}.Debug|Any CPU.Build.0 = Debug|Any CPU
		{9EA0ECF8-3D1E-45DD-BCF7-23772C96544D}.Release|Any CPU.ActiveCfg = Release|Any CPU
		{9EA0ECF8-3D1E-45DD-BCF7-23772C96544D}.Release|Any CPU.Build.0 = Release|Any CPU
	EndGlobalSection
	GlobalSection(SolutionProperties) = preSolution
		HideSolutionNode = FALSE
	EndGlobalSection
	GlobalSection(NestedProjects) = preSolution
		{0DCA4897-591B-4E95-9823-897294713E88} = {1819A58B-5B9E-4EF7-98AD-F215040D3969}
		{9EA0ECF8-3D1E-45DD-BCF7-23772C96544D} = {1819A58B-5B9E-4EF7-98AD-F215040D3969}
	EndGlobalSection
	GlobalSection(ExtensibilityGlobals) = postSolution
		SolutionGuid = {0595EAD9-363C-4385-B1A5-0E543ADC83B2}
	EndGlobalSection
EndGlobal
